// !$*UTF8*$!
{
	archiveVersion = 1;
	classes = {
	};
	objectVersion = 46;
	objects = {

/* Begin PBXBuildFile section */
		4649DAA81F9C605500861823 /* AppDelegate.swift in Sources */ = {isa = PBXBuildFile; fileRef = 4649DAA71F9C605500861823 /* AppDelegate.swift */; };
		4649DAAA1F9C605500861823 /* ViewController.swift in Sources */ = {isa = PBXBuildFile; fileRef = 4649DAA91F9C605500861823 /* ViewController.swift */; };
		4649DAAD1F9C605500861823 /* Main.storyboard in Resources */ = {isa = PBXBuildFile; fileRef = 4649DAAB1F9C605500861823 /* Main.storyboard */; };
		4649DAAF1F9C605500861823 /* Assets.xcassets in Resources */ = {isa = PBXBuildFile; fileRef = 4649DAAE1F9C605500861823 /* Assets.xcassets */; };
		4649DAB21F9C605500861823 /* LaunchScreen.storyboard in Resources */ = {isa = PBXBuildFile; fileRef = 4649DAB01F9C605500861823 /* LaunchScreen.storyboard */; };
		467968631FB040AC00C00FE8 /* kekka1.jpg in Resources */ = {isa = PBXBuildFile; fileRef = 467968601FB040AC00C00FE8 /* kekka1.jpg */; };
		467968641FB040AC00C00FE8 /* kekka2.jpg in Resources */ = {isa = PBXBuildFile; fileRef = 467968611FB040AC00C00FE8 /* kekka2.jpg */; };
		467968651FB040AC00C00FE8 /* sentaku.jpg in Resources */ = {isa = PBXBuildFile; fileRef = 467968621FB040AC00C00FE8 /* sentaku.jpg */; };
		467968871FB45D0700C00FE8 /* imageViewController.swift in Sources */ = {isa = PBXBuildFile; fileRef = 467968861FB45D0700C00FE8 /* imageViewController.swift */; };
/* End PBXBuildFile section */

/* Begin PBXFileReference section */
		4649DAA41F9C605500861823 /* SlideshowApp.app */ = {isa = PBXFileReference; explicitFileType = wrapper.application; includeInIndex = 0; path = SlideshowApp.app; sourceTree = BUILT_PRODUCTS_DIR; };
		4649DAA71F9C605500861823 /* AppDelegate.swift */ = {isa = PBXFileReference; lastKnownFileType = sourcecode.swift; path = AppDelegate.swift; sourceTree = "<group>"; };
		4649DAA91F9C605500861823 /* ViewController.swift */ = {isa = PBXFileReference; lastKnownFileType = sourcecode.swift; path = ViewController.swift; sourceTree = "<group>"; };
		4649DAAC1F9C605500861823 /* Base */ = {isa = PBXFileReference; lastKnownFileType = file.storyboard; name = Base; path = Base.lproj/Main.storyboard; sourceTree = "<group>"; };
		4649DAAE1F9C605500861823 /* Assets.xcassets */ = {isa = PBXFileReference; lastKnownFileType = folder.assetcatalog; path = Assets.xcassets; sourceTree = "<group>"; };
		4649DAB11F9C605500861823 /* Base */ = {isa = PBXFileReference; lastKnownFileType = file.storyboard; name = Base; path = Base.lproj/LaunchScreen.storyboard; sourceTree = "<group>"; };
		4649DAB31F9C605500861823 /* Info.plist */ = {isa = PBXFileReference; lastKnownFileType = text.plist.xml; path = Info.plist; sourceTree = "<group>"; };
		467968601FB040AC00C00FE8 /* kekka1.jpg */ = {isa = PBXFileReference; lastKnownFileType = image.jpeg; path = kekka1.jpg; sourceTree = "<group>"; };
		467968611FB040AC00C00FE8 /* kekka2.jpg */ = {isa = PBXFileReference; lastKnownFileType = image.jpeg; path = kekka2.jpg; sourceTree = "<group>"; };
		467968621FB040AC00C00FE8 /* sentaku.jpg */ = {isa = PBXFileReference; lastKnownFileType = image.jpeg; path = sentaku.jpg; sourceTree = "<group>"; };
		467968861FB45D0700C00FE8 /* imageViewController.swift */ = {isa = PBXFileReference; fileEncoding = 4; lastKnownFileType = sourcecode.swift; path = imageViewController.swift; sourceTree = "<group>"; };
/* End PBXFileReference section */

/* Begin PBXFrameworksBuildPhase section */
		4649DAA11F9C605500861823 /* Frameworks */ = {
			isa = PBXFrameworksBuildPhase;
			buildActionMask = 2147483647;
			files = (
			);
			runOnlyForDeploymentPostprocessing = 0;
		};
/* End PBXFrameworksBuildPhase section */

/* Begin PBXGroup section */
		4649DA9B1F9C605500861823 = {
			isa = PBXGroup;
			children = (
				4649DAA61F9C605500861823 /* SlideshowApp */,
				4649DAA51F9C605500861823 /* Products */,
			);
			sourceTree = "<group>";
		};
		4649DAA51F9C605500861823 /* Products */ = {
			isa = PBXGroup;
			children = (
				4649DAA41F9C605500861823 /* SlideshowApp.app */,
			);
			name = Products;
			sourceTree = "<group>";
		};
		4649DAA61F9C605500861823 /* SlideshowApp */ = {
			isa = PBXGroup;
			children = (
				4649DAA71F9C605500861823 /* AppDelegate.swift */,
				4649DAA91F9C605500861823 /* ViewController.swift */,
				467968861FB45D0700C00FE8 /* imageViewController.swift */,
				4649DAAB1F9C605500861823 /* Main.storyboard */,
				4649DAAE1F9C605500861823 /* Assets.xcassets */,
				4649DAB01F9C605500861823 /* LaunchScreen.storyboard */,
				4649DAB31F9C605500861823 /* Info.plist */,
				467968601FB040AC00C00FE8 /* kekka1.jpg */,
				467968611FB040AC00C00FE8 /* kekka2.jpg */,
				467968621FB040AC00C00FE8 /* sentaku.jpg */,
			);
			path = SlideshowApp;
			sourceTree = "<group>";
		};
/* End PBXGroup section */

/* Begin PBXNativeTarget section */
		4649DAA31F9C605500861823 /* SlideshowApp */ = {
			isa = PBXNativeTarget;
			buildConfigurationList = 4649DAB61F9C605500861823 /* Build configuration list for PBXNativeTarget "SlideshowApp" */;
			buildPhases = (
				4649DAA01F9C605500861823 /* Sources */,
				4649DAA11F9C605500861823 /* Frameworks */,
				4649DAA21F9C605500861823 /* Resources */,
			);
			buildRules = (
			);
			dependencies = (
			);
			name = SlideshowApp;
			productName = SlideshowApp;
			productReference = 4649DAA41F9C605500861823 /* SlideshowApp.app */;
			productType = "com.apple.product-type.application";
		};
/* End PBXNativeTarget section */

/* Begin PBXProject section */
		4649DA9C1F9C605500861823 /* Project object */ = {
			isa = PBXProject;
			attributes = {
				LastSwiftUpdateCheck = 0830;
				LastUpgradeCheck = 0830;
				ORGANIZATIONNAME = koichiro.kurokawa;
				TargetAttributes = {
					4649DAA31F9C605500861823 = {
						CreatedOnToolsVersion = 8.3.3;
						ProvisioningStyle = Automatic;
					};
				};
			};
			buildConfigurationList = 4649DA9F1F9C605500861823 /* Build configuration list for PBXProject "SlideshowApp" */;
			compatibilityVersion = "Xcode 3.2";
			developmentRegion = English;
			hasScannedForEncodings = 0;
			knownRegions = (
				en,
				Base,
			);
			mainGroup = 4649DA9B1F9C605500861823;
			productRefGroup = 4649DAA51F9C605500861823 /* Products */;
			projectDirPath = "";
			projectRoot = "";
			targets = (
				4649DAA31F9C605500861823 /* SlideshowApp */,
			);
		};
/* End PBXProject section */

/* Begin PBXResourcesBuildPhase section */
		4649DAA21F9C605500861823 /* Resources */ = {
			isa = PBXResourcesBuildPhase;
			buildActionMask = 2147483647;
			files = (
				4649DAB21F9C605500861823 /* LaunchScreen.storyboard in Resources */,
				467968641FB040AC00C00FE8 /* kekka2.jpg in Resources */,
				467968631FB040AC00C00FE8 /* kekka1.jpg in Resources */,
				467968651FB040AC00C00FE8 /* sentaku.jpg in Resources */,
				4649DAAF1F9C605500861823 /* Assets.xcassets in Resources */,
				4649DAAD1F9C605500861823 /* Main.storyboard in Resources */,
			);
			runOnlyForDeploymentPostprocessing = 0;
		};
/* End PBXResourcesBuildPhase section */

/* Begin PBXSourcesBuildPhase section */
		4649DAA01F9C605500861823 /* Sources */ = {
			isa = PBXSourcesBuildPhase;
			buildActionMask = 2147483647;
			files = (
				467968871FB45D0700C00FE8 /* imageViewController.swift in Sources */,
				4649DAAA1F9C605500861823 /* ViewController.swift in Sources */,
				4649DAA81F9C605500861823 /* AppDelegate.swift in Sources */,
			);
			runOnlyForDeploymentPostprocessing = 0;
		};
/* End PBXSourcesBuildPhase section */

/* Begin PBXVariantGroup section */
		4649DAAB1F9C605500861823 /* Main.storyboard */ = {
			isa = PBXVariantGroup;
			children = (
				4649DAAC1F9C605500861823 /* Base */,
			);
			name = Main.storyboard;
			sourceTree = "<group>";
		};
		4649DAB01F9C605500861823 /* LaunchScreen.storyboard */ = {
			isa = PBXVariantGroup;
			children = (
				4649DAB11F9C605500861823 /* Base */,
			);
			name = LaunchScreen.storyboard;
			sourceTree = "<group>";
		};
/* End PBXVariantGroup section */

/* Begin XCBuildConfiguration section */
		4649DAB41F9C605500861823 /* Debug */ = {
			isa = XCBuildConfiguration;
			buildSettings = {
				ALWAYS_SEARCH_USER_PATHS = NO;
				CLANG_ANALYZER_NONNULL = YES;
				CLANG_ANALYZER_NUMBER_OBJECT_CONVERSION = YES_AGGRESSIVE;
				CLANG_CXX_LANGUAGE_STANDARD = "gnu++0x";
				CLANG_CXX_LIBRARY = "libc++";
				CLANG_ENABLE_MODULES = YES;
				CLANG_ENABLE_OBJC_ARC = YES;
				CLANG_WARN_BOOL_CONVERSION = YES;
				CLANG_WARN_CONSTANT_CONVERSION = YES;
				CLANG_WARN_DIRECT_OBJC_ISA_USAGE = YES_ERROR;
				CLANG_WARN_DOCUMENTATION_COMMENTS = YES;
				CLANG_WARN_EMPTY_BODY = YES;
				CLANG_WARN_ENUM_CONVERSION = YES;
				CLANG_WARN_INFINITE_RECURSION = YES;
				CLANG_WARN_INT_CONVERSION = YES;
				CLANG_WARN_OBJC_ROOT_CLASS = YES_ERROR;
				CLANG_WARN_SUSPICIOUS_MOVE = YES;
				CLANG_WARN_UNREACHABLE_CODE = YES;
				CLANG_WARN__DUPLICATE_METHOD_MATCH = YES;
				"CODE_SIGN_IDENTITY[sdk=iphoneos*]" = "iPhone Developer";
				COPY_PHASE_STRIP = NO;
				DEBUG_INFORMATION_FORMAT = dwarf;
				ENABLE_STRICT_OBJC_MSGSEND = YES;
				ENABLE_TESTABILITY = YES;
				GCC_C_LANGUAGE_STANDARD = gnu99;
				GCC_DYNAMIC_NO_PIC = NO;
				GCC_NO_COMMON_BLOCKS = YES;
				GCC_OPTIMIZATION_LEVEL = 0;
				GCC_PREPROCESSOR_DEFINITIONS = (
					"DEBUG=1",
					"$(inherited)",
				);
				GCC_WARN_64_TO_32_BIT_CONVERSION = YES;
				GCC_WARN_ABOUT_RETURN_TYPE = YES_ERROR;
				GCC_WARN_UNDECLARED_SELECTOR = YES;
				GCC_WARN_UNINITIALIZED_AUTOS = YES_AGGRESSIVE;
				GCC_WARN_UNUSED_FUNCTION = YES;
				GCC_WARN_UNUSED_VARIABLE = YES;
				IPHONEOS_DEPLOYMENT_TARGET = 10.3;
				MTL_ENABLE_DEBUG_INFO = YES;
				ONLY_ACTIVE_ARCH = YES;
				SDKROOT = iphoneos;
				SWIFT_ACTIVE_COMPILATION_CONDITIONS = DEBUG;
				SWIFT_OPTIMIZATION_LEVEL = "-Onone";
			};
			name = Debug;
		};
		4649DAB51F9C605500861823 /* Release */ = {
			isa = XCBuildConfiguration;
			buildSettings = {
				ALWAYS_SEARCH_USER_PATHS = NO;
				CLANG_ANALYZER_NONNULL = YES;
				CLANG_ANALYZER_NUMBER_OBJECT_CONVERSION = YES_AGGRESSIVE;
				CLANG_CXX_LANGUAGE_STANDARD = "gnu++0x";
				CLANG_CXX_LIBRARY = "libc++";
				CLANG_ENABLE_MODULES = YES;
				CLANG_ENABLE_OBJC_ARC = YES;
				CLANG_WARN_BOOL_CONVERSION = YES;
				CLANG_WARN_CONSTANT_CONVERSION = YES;
				CLANG_WARN_DIRECT_OBJC_ISA_USAGE = YES_ERROR;
				CLANG_WARN_DOCUMENTATION_COMMENTS = YES;
				CLANG_WARN_EMPTY_BODY = YES;
				CLANG_WARN_ENUM_CONVERSION = YES;
				CLANG_WARN_INFINITE_RECURSION = YES;
				CLANG_WARN_INT_CONVERSION = YES;
				CLANG_WARN_OBJC_ROOT_CLASS = YES_ERROR;
				CLANG_WARN_SUSPICIOUS_MOVE = YES;
				CLANG_WARN_UNREACHABLE_CODE = YES;
				CLANG_WARN__DUPLICATE_METHOD_MATCH = YES;
				"CODE_SIGN_IDENTITY[sdk=iphoneos*]" = "iPhone Developer";
				COPY_PHASE_STRIP = NO;
				DEBUG_INFORMATION_FORMAT = "dwarf-with-dsym";
				ENABLE_NS_ASSERTIONS = NO;
				ENABLE_STRICT_OBJC_MSGSEND = YES;
				GCC_C_LANGUAGE_STANDARD = gnu99;
				GCC_NO_COMMON_BLOCKS = YES;
				GCC_WARN_64_TO_32_BIT_CONVERSION = YES;
				GCC_WARN_ABOUT_RETURN_TYPE = YES_ERROR;
				GCC_WARN_UNDECLARED_SELECTOR = YES;
				GCC_WARN_UNINITIALIZED_AUTOS = YES_AGGRESSIVE;
				GCC_WARN_UNUSED_FUNCTION = YES;
				GCC_WARN_UNUSED_VARIABLE = YES;
				IPHONEOS_DEPLOYMENT_TARGET = 10.3;
				MTL_ENABLE_DEBUG_INFO = NO;
				SDKROOT = iphoneos;
				SWIFT_OPTIMIZATION_LEVEL = "-Owholemodule";
				VALIDATE_PRODUCT = YES;
			};
			name = Release;
		};
		4649DAB71F9C605500861823 /* Debug */ = {
			isa = XCBuildConfiguration;
			buildSettings = {
				ASSETCATALOG_COMPILER_APPICON_NAME = AppIcon;
				INFOPLIST_FILE = SlideshowApp/Info.plist;
				LD_RUNPATH_SEARCH_PATHS = "$(inherited) @executable_path/Frameworks";
				PRODUCT_BUNDLE_IDENTIFIER = jp.techacademy.koichiro.kurokawa.SlideshowApp;
				PRODUCT_NAME = "$(TARGET_NAME)";
				SWIFT_VERSION = 3.0;
			};
			name = Debug;
		};
		4649DAB81F9C605500861823 /* Release */ = {
			isa = XCBuildConfiguration;
			buildSettings = {
				ASSETCATALOG_COMPILER_APPICON_NAME = AppIcon;
				INFOPLIST_FILE = SlideshowApp/Info.plist;
				LD_RUNPATH_SEARCH_PATHS = "$(inherited) @executable_path/Frameworks";
				PRODUCT_BUNDLE_IDENTIFIER = jp.techacademy.koichiro.kurokawa.SlideshowApp;
				PRODUCT_NAME = "$(TARGET_NAME)";
				SWIFT_VERSION = 3.0;
			};
			name = Release;
		};
/* End XCBuildConfiguration section */

/* Begin XCConfigurationList section */
		4649DA9F1F9C605500861823 /* Build configuration list for PBXProject "SlideshowApp" */ = {
			isa = XCConfigurationList;
			buildConfigurations = (
				4649DAB41F9C605500861823 /* Debug */,
				4649DAB51F9C605500861823 /* Release */,
			);
			defaultConfigurationIsVisible = 0;
			defaultConfigurationName = Release;
		};
		4649DAB61F9C605500861823 /* Build configuration list for PBXNativeTarget "SlideshowApp" */ = {
			isa = XCConfigurationList;
			buildConfigurations = (
				4649DAB71F9C605500861823 /* Debug */,
				4649DAB81F9C605500861823 /* Release */,
			);
			defaultConfigurationIsVisible = 0;
			defaultConfigurationName = Release;
		};
/* End XCConfigurationList section */
	};
	rootObject = 4649DA9C1F9C605500861823 /* Project object */;
}
